// !$*UTF8*$!
{
	archiveVersion = 1;
	classes = {
	};
	objectVersion = 55;
	objects = {

/* Begin PBXBuildFile section */
		6707640128B2C9F700206604 /* FirstGameVC.swift in Sources */ = {isa = PBXBuildFile; fileRef = 6707640028B2C9F700206604 /* FirstGameVC.swift */; };
		6707640428B2CBC800206604 /* SecondGameVC.swift in Sources */ = {isa = PBXBuildFile; fileRef = 6707640328B2CBC800206604 /* SecondGameVC.swift */; };
		6707640628B2CC4800206604 /* ThirdGameVC.swift in Sources */ = {isa = PBXBuildFile; fileRef = 6707640528B2CC4800206604 /* ThirdGameVC.swift */; };
		6707640828B2E21200206604 /* FourthGameVC.swift in Sources */ = {isa = PBXBuildFile; fileRef = 6707640728B2E21200206604 /* FourthGameVC.swift */; };
		6707640B28B2E2C500206604 /* FifthGameVC_Start.swift in Sources */ = {isa = PBXBuildFile; fileRef = 6707640A28B2E2C500206604 /* FifthGameVC_Start.swift */; };
		6707640D28B2E5E800206604 /* FifthGameVC_Settings.swift in Sources */ = {isa = PBXBuildFile; fileRef = 6707640C28B2E5E800206604 /* FifthGameVC_Settings.swift */; };
		6707640F28B2E64100206604 /* FifthGameVC_Records.swift in Sources */ = {isa = PBXBuildFile; fileRef = 6707640E28B2E64100206604 /* FifthGameVC_Records.swift */; };
		6707641128B2E66000206604 /* FifthGameVC_Main.swift in Sources */ = {isa = PBXBuildFile; fileRef = 6707641028B2E66000206604 /* FifthGameVC_Main.swift */; };
		6736225628B40EC800474BA1 /* CloseButton.swift in Sources */ = {isa = PBXBuildFile; fileRef = 6736225528B40EC800474BA1 /* CloseButton.swift */; };
		6736225928B4132400474BA1 /* GameButton.swift in Sources */ = {isa = PBXBuildFile; fileRef = 6736225828B4132400474BA1 /* GameButton.swift */; };
		6736225B28B417C800474BA1 /* SixthGameVC.swift in Sources */ = {isa = PBXBuildFile; fileRef = 6736225A28B417C800474BA1 /* SixthGameVC.swift */; };
		6736225D28B4252000474BA1 /* SeventhGameVC.swift in Sources */ = {isa = PBXBuildFile; fileRef = 6736225C28B4252000474BA1 /* SeventhGameVC.swift */; };
		67457CCA28AC3EDB00144BCA /* AppDelegate.swift in Sources */ = {isa = PBXBuildFile; fileRef = 67457CC928AC3EDB00144BCA /* AppDelegate.swift */; };
		67457CCC28AC3EDB00144BCA /* SceneDelegate.swift in Sources */ = {isa = PBXBuildFile; fileRef = 67457CCB28AC3EDB00144BCA /* SceneDelegate.swift */; };
		67457CCE28AC3EDB00144BCA /* ViewController.swift in Sources */ = {isa = PBXBuildFile; fileRef = 67457CCD28AC3EDB00144BCA /* ViewController.swift */; };
		67457CD128AC3EDB00144BCA /* Main.storyboard in Resources */ = {isa = PBXBuildFile; fileRef = 67457CCF28AC3EDB00144BCA /* Main.storyboard */; };
		67457CD328AC3EDC00144BCA /* Assets.xcassets in Resources */ = {isa = PBXBuildFile; fileRef = 67457CD228AC3EDC00144BCA /* Assets.xcassets */; };
		67457CD628AC3EDC00144BCA /* LaunchScreen.storyboard in Resources */ = {isa = PBXBuildFile; fileRef = 67457CD428AC3EDC00144BCA /* LaunchScreen.storyboard */; };
		674B6ECF28B5800100BBC746 /* EightCalculatorVC.swift in Sources */ = {isa = PBXBuildFile; fileRef = 674B6ECE28B5800100BBC746 /* EightCalculatorVC.swift */; };
/* End PBXBuildFile section */

/* Begin PBXFileReference section */
		6707640028B2C9F700206604 /* FirstGameVC.swift */ = {isa = PBXFileReference; lastKnownFileType = sourcecode.swift; path = FirstGameVC.swift; sourceTree = "<group>"; };
		6707640328B2CBC800206604 /* SecondGameVC.swift */ = {isa = PBXFileReference; lastKnownFileType = sourcecode.swift; path = SecondGameVC.swift; sourceTree = "<group>"; };
		6707640528B2CC4800206604 /* ThirdGameVC.swift */ = {isa = PBXFileReference; lastKnownFileType = sourcecode.swift; path = ThirdGameVC.swift; sourceTree = "<group>"; };
		6707640728B2E21200206604 /* FourthGameVC.swift */ = {isa = PBXFileReference; lastKnownFileType = sourcecode.swift; path = FourthGameVC.swift; sourceTree = "<group>"; };
		6707640A28B2E2C500206604 /* FifthGameVC_Start.swift */ = {isa = PBXFileReference; lastKnownFileType = sourcecode.swift; path = FifthGameVC_Start.swift; sourceTree = "<group>"; };
		6707640C28B2E5E800206604 /* FifthGameVC_Settings.swift */ = {isa = PBXFileReference; lastKnownFileType = sourcecode.swift; path = FifthGameVC_Settings.swift; sourceTree = "<group>"; };
		6707640E28B2E64100206604 /* FifthGameVC_Records.swift */ = {isa = PBXFileReference; lastKnownFileType = sourcecode.swift; path = FifthGameVC_Records.swift; sourceTree = "<group>"; };
		6707641028B2E66000206604 /* FifthGameVC_Main.swift */ = {isa = PBXFileReference; lastKnownFileType = sourcecode.swift; path = FifthGameVC_Main.swift; sourceTree = "<group>"; };
		6736225528B40EC800474BA1 /* CloseButton.swift */ = {isa = PBXFileReference; lastKnownFileType = sourcecode.swift; path = CloseButton.swift; sourceTree = "<group>"; };
		6736225828B4132400474BA1 /* GameButton.swift */ = {isa = PBXFileReference; lastKnownFileType = sourcecode.swift; path = GameButton.swift; sourceTree = "<group>"; };
		6736225A28B417C800474BA1 /* SixthGameVC.swift */ = {isa = PBXFileReference; lastKnownFileType = sourcecode.swift; path = SixthGameVC.swift; sourceTree = "<group>"; };
		6736225C28B4252000474BA1 /* SeventhGameVC.swift */ = {isa = PBXFileReference; lastKnownFileType = sourcecode.swift; path = SeventhGameVC.swift; sourceTree = "<group>"; };
		67457CC628AC3EDB00144BCA /* TMS_DZ6.app */ = {isa = PBXFileReference; explicitFileType = wrapper.application; includeInIndex = 0; path = TMS_DZ6.app; sourceTree = BUILT_PRODUCTS_DIR; };
		67457CC928AC3EDB00144BCA /* AppDelegate.swift */ = {isa = PBXFileReference; lastKnownFileType = sourcecode.swift; path = AppDelegate.swift; sourceTree = "<group>"; };
		67457CCB28AC3EDB00144BCA /* SceneDelegate.swift */ = {isa = PBXFileReference; lastKnownFileType = sourcecode.swift; path = SceneDelegate.swift; sourceTree = "<group>"; };
		67457CCD28AC3EDB00144BCA /* ViewController.swift */ = {isa = PBXFileReference; lastKnownFileType = sourcecode.swift; path = ViewController.swift; sourceTree = "<group>"; };
		67457CD028AC3EDB00144BCA /* Base */ = {isa = PBXFileReference; lastKnownFileType = file.storyboard; name = Base; path = Base.lproj/Main.storyboard; sourceTree = "<group>"; };
		67457CD228AC3EDC00144BCA /* Assets.xcassets */ = {isa = PBXFileReference; lastKnownFileType = folder.assetcatalog; path = Assets.xcassets; sourceTree = "<group>"; };
		67457CD528AC3EDC00144BCA /* Base */ = {isa = PBXFileReference; lastKnownFileType = file.storyboard; name = Base; path = Base.lproj/LaunchScreen.storyboard; sourceTree = "<group>"; };
		67457CD728AC3EDC00144BCA /* Info.plist */ = {isa = PBXFileReference; lastKnownFileType = text.plist.xml; path = Info.plist; sourceTree = "<group>"; };
		674B6ECE28B5800100BBC746 /* EightCalculatorVC.swift */ = {isa = PBXFileReference; lastKnownFileType = sourcecode.swift; path = EightCalculatorVC.swift; sourceTree = "<group>"; };
/* End PBXFileReference section */

/* Begin PBXFrameworksBuildPhase section */
		67457CC328AC3EDB00144BCA /* Frameworks */ = {
			isa = PBXFrameworksBuildPhase;
			buildActionMask = 2147483647;
			files = (
			);
			runOnlyForDeploymentPostprocessing = 0;
		};
/* End PBXFrameworksBuildPhase section */

/* Begin PBXGroup section */
		6707640228B2CB8F00206604 /* ViewControllers */ = {
			isa = PBXGroup;
			children = (
				6707640028B2C9F700206604 /* FirstGameVC.swift */,
				6707640328B2CBC800206604 /* SecondGameVC.swift */,
				6707640528B2CC4800206604 /* ThirdGameVC.swift */,
				6707640728B2E21200206604 /* FourthGameVC.swift */,
				6707640928B2E28700206604 /* ShipsGameVC5 */,
				6736225A28B417C800474BA1 /* SixthGameVC.swift */,
				6736225C28B4252000474BA1 /* SeventhGameVC.swift */,
				674B6ECE28B5800100BBC746 /* EightCalculatorVC.swift */,
			);
			path = ViewControllers;
			sourceTree = "<group>";
		};
		6707640928B2E28700206604 /* ShipsGameVC5 */ = {
			isa = PBXGroup;
			children = (
				6707640A28B2E2C500206604 /* FifthGameVC_Start.swift */,
				6707641028B2E66000206604 /* FifthGameVC_Main.swift */,
				6707640C28B2E5E800206604 /* FifthGameVC_Settings.swift */,
				6707640E28B2E64100206604 /* FifthGameVC_Records.swift */,
			);
			name = ShipsGameVC5;
			sourceTree = "<group>";
		};
		6736225728B40ECC00474BA1 /* Addons */ = {
			isa = PBXGroup;
			children = (
				6736225528B40EC800474BA1 /* CloseButton.swift */,
				6736225828B4132400474BA1 /* GameButton.swift */,
			);
			path = Addons;
			sourceTree = "<group>";
		};
		67457CBD28AC3EDB00144BCA = {
			isa = PBXGroup;
			children = (
				67457CC828AC3EDB00144BCA /* TMS_DZ6 */,
				67457CC728AC3EDB00144BCA /* Products */,
			);
			sourceTree = "<group>";
		};
		67457CC728AC3EDB00144BCA /* Products */ = {
			isa = PBXGroup;
			children = (
				67457CC628AC3EDB00144BCA /* TMS_DZ6.app */,
			);
			name = Products;
			sourceTree = "<group>";
		};
		67457CC828AC3EDB00144BCA /* TMS_DZ6 */ = {
			isa = PBXGroup;
			children = (
				67457CC928AC3EDB00144BCA /* AppDelegate.swift */,
				67457CCB28AC3EDB00144BCA /* SceneDelegate.swift */,
				67457CCD28AC3EDB00144BCA /* ViewController.swift */,
				6736225728B40ECC00474BA1 /* Addons */,
				6707640228B2CB8F00206604 /* ViewControllers */,
				67457CCF28AC3EDB00144BCA /* Main.storyboard */,
				67457CD228AC3EDC00144BCA /* Assets.xcassets */,
				67457CD428AC3EDC00144BCA /* LaunchScreen.storyboard */,
				67457CD728AC3EDC00144BCA /* Info.plist */,
			);
			path = TMS_DZ6;
			sourceTree = "<group>";
		};
/* End PBXGroup section */

/* Begin PBXNativeTarget section */
		67457CC528AC3EDB00144BCA /* TMS_DZ6 */ = {
			isa = PBXNativeTarget;
			buildConfigurationList = 67457CDA28AC3EDC00144BCA /* Build configuration list for PBXNativeTarget "TMS_DZ6" */;
			buildPhases = (
				67457CC228AC3EDB00144BCA /* Sources */,
				67457CC328AC3EDB00144BCA /* Frameworks */,
				67457CC428AC3EDB00144BCA /* Resources */,
			);
			buildRules = (
			);
			dependencies = (
			);
			name = TMS_DZ6;
			productName = TMS_DZ6;
			productReference = 67457CC628AC3EDB00144BCA /* TMS_DZ6.app */;
			productType = "com.apple.product-type.application";
		};
/* End PBXNativeTarget section */

/* Begin PBXProject section */
		67457CBE28AC3EDB00144BCA /* Project object */ = {
			isa = PBXProject;
			attributes = {
				BuildIndependentTargetsInParallel = 1;
				LastSwiftUpdateCheck = 1320;
				LastUpgradeCheck = 1320;
				TargetAttributes = {
					67457CC528AC3EDB00144BCA = {
						CreatedOnToolsVersion = 13.2.1;
					};
				};
			};
			buildConfigurationList = 67457CC128AC3EDB00144BCA /* Build configuration list for PBXProject "TMS_DZ6" */;
			compatibilityVersion = "Xcode 13.0";
			developmentRegion = en;
			hasScannedForEncodings = 0;
			knownRegions = (
				en,
				Base,
			);
			mainGroup = 67457CBD28AC3EDB00144BCA;
			productRefGroup = 67457CC728AC3EDB00144BCA /* Products */;
			projectDirPath = "";
			projectRoot = "";
			targets = (
				67457CC528AC3EDB00144BCA /* TMS_DZ6 */,
			);
		};
/* End PBXProject section */

/* Begin PBXResourcesBuildPhase section */
		67457CC428AC3EDB00144BCA /* Resources */ = {
			isa = PBXResourcesBuildPhase;
			buildActionMask = 2147483647;
			files = (
				67457CD628AC3EDC00144BCA /* LaunchScreen.storyboard in Resources */,
				67457CD328AC3EDC00144BCA /* Assets.xcassets in Resources */,
				67457CD128AC3EDB00144BCA /* Main.storyboard in Resources */,
			);
			runOnlyForDeploymentPostprocessing = 0;
		};
/* End PBXResourcesBuildPhase section */

/* Begin PBXSourcesBuildPhase section */
		67457CC228AC3EDB00144BCA /* Sources */ = {
			isa = PBXSourcesBuildPhase;
			buildActionMask = 2147483647;
			files = (
				6707640628B2CC4800206604 /* ThirdGameVC.swift in Sources */,
				67457CCE28AC3EDB00144BCA /* ViewController.swift in Sources */,
				6707640428B2CBC800206604 /* SecondGameVC.swift in Sources */,
				6707641128B2E66000206604 /* FifthGameVC_Main.swift in Sources */,
				6707640F28B2E64100206604 /* FifthGameVC_Records.swift in Sources */,
				67457CCA28AC3EDB00144BCA /* AppDelegate.swift in Sources */,
				674B6ECF28B5800100BBC746 /* EightCalculatorVC.swift in Sources */,
				6736225628B40EC800474BA1 /* CloseButton.swift in Sources */,
				6736225B28B417C800474BA1 /* SixthGameVC.swift in Sources */,
				6736225D28B4252000474BA1 /* SeventhGameVC.swift in Sources */,
				6707640B28B2E2C500206604 /* FifthGameVC_Start.swift in Sources */,
				67457CCC28AC3EDB00144BCA /* SceneDelegate.swift in Sources */,
				6707640128B2C9F700206604 /* FirstGameVC.swift in Sources */,
				6707640828B2E21200206604 /* FourthGameVC.swift in Sources */,
				6736225928B4132400474BA1 /* GameButton.swift in Sources */,
				6707640D28B2E5E800206604 /* FifthGameVC_Settings.swift in Sources */,
			);
			runOnlyForDeploymentPostprocessing = 0;
		};
/* End PBXSourcesBuildPhase section */

/* Begin PBXVariantGroup section */
		67457CCF28AC3EDB00144BCA /* Main.storyboard */ = {
			isa = PBXVariantGroup;
			children = (
				67457CD028AC3EDB00144BCA /* Base */,
			);
			name = Main.storyboard;
			sourceTree = "<group>";
		};
		67457CD428AC3EDC00144BCA /* LaunchScreen.storyboard */ = {
			isa = PBXVariantGroup;
			children = (
				67457CD528AC3EDC00144BCA /* Base */,
			);
			name = LaunchScreen.storyboard;
			sourceTree = "<group>";
		};
/* End PBXVariantGroup section */

/* Begin XCBuildConfiguration section */
		67457CD828AC3EDC00144BCA /* Debug */ = {
			isa = XCBuildConfiguration;
			buildSettings = {
				ALWAYS_SEARCH_USER_PATHS = NO;
				CLANG_ANALYZER_NONNULL = YES;
				CLANG_ANALYZER_NUMBER_OBJECT_CONVERSION = YES_AGGRESSIVE;
				CLANG_CXX_LANGUAGE_STANDARD = "gnu++17";
				CLANG_CXX_LIBRARY = "libc++";
				CLANG_ENABLE_MODULES = YES;
				CLANG_ENABLE_OBJC_ARC = YES;
				CLANG_ENABLE_OBJC_WEAK = YES;
				CLANG_WARN_BLOCK_CAPTURE_AUTORELEASING = YES;
				CLANG_WARN_BOOL_CONVERSION = YES;
				CLANG_WARN_COMMA = YES;
				CLANG_WARN_CONSTANT_CONVERSION = YES;
				CLANG_WARN_DEPRECATED_OBJC_IMPLEMENTATIONS = YES;
				CLANG_WARN_DIRECT_OBJC_ISA_USAGE = YES_ERROR;
				CLANG_WARN_DOCUMENTATION_COMMENTS = YES;
				CLANG_WARN_EMPTY_BODY = YES;
				CLANG_WARN_ENUM_CONVERSION = YES;
				CLANG_WARN_INFINITE_RECURSION = YES;
				CLANG_WARN_INT_CONVERSION = YES;
				CLANG_WARN_NON_LITERAL_NULL_CONVERSION = YES;
				CLANG_WARN_OBJC_IMPLICIT_RETAIN_SELF = YES;
				CLANG_WARN_OBJC_LITERAL_CONVERSION = YES;
				CLANG_WARN_OBJC_ROOT_CLASS = YES_ERROR;
				CLANG_WARN_QUOTED_INCLUDE_IN_FRAMEWORK_HEADER = YES;
				CLANG_WARN_RANGE_LOOP_ANALYSIS = YES;
				CLANG_WARN_STRICT_PROTOTYPES = YES;
				CLANG_WARN_SUSPICIOUS_MOVE = YES;
				CLANG_WARN_UNGUARDED_AVAILABILITY = YES_AGGRESSIVE;
				CLANG_WARN_UNREACHABLE_CODE = YES;
				CLANG_WARN__DUPLICATE_METHOD_MATCH = YES;
				COPY_PHASE_STRIP = NO;
				DEBUG_INFORMATION_FORMAT = dwarf;
				ENABLE_STRICT_OBJC_MSGSEND = YES;
				ENABLE_TESTABILITY = YES;
				GCC_C_LANGUAGE_STANDARD = gnu11;
				GCC_DYNAMIC_NO_PIC = NO;
				GCC_NO_COMMON_BLOCKS = YES;
				GCC_OPTIMIZATION_LEVEL = 0;
				GCC_PREPROCESSOR_DEFINITIONS = (
					"DEBUG=1",
					"$(inherited)",
				);
				GCC_WARN_64_TO_32_BIT_CONVERSION = YES;
				GCC_WARN_ABOUT_RETURN_TYPE = YES_ERROR;
				GCC_WARN_UNDECLARED_SELECTOR = YES;
				GCC_WARN_UNINITIALIZED_AUTOS = YES_AGGRESSIVE;
				GCC_WARN_UNUSED_FUNCTION = YES;
				GCC_WARN_UNUSED_VARIABLE = YES;
				IPHONEOS_DEPLOYMENT_TARGET = 15.2;
				MTL_ENABLE_DEBUG_INFO = INCLUDE_SOURCE;
				MTL_FAST_MATH = YES;
				ONLY_ACTIVE_ARCH = YES;
				SDKROOT = iphoneos;
				SWIFT_ACTIVE_COMPILATION_CONDITIONS = DEBUG;
				SWIFT_OPTIMIZATION_LEVEL = "-Onone";
			};
			name = Debug;
		};
		67457CD928AC3EDC00144BCA /* Release */ = {
			isa = XCBuildConfiguration;
			buildSettings = {
				ALWAYS_SEARCH_USER_PATHS = NO;
				CLANG_ANALYZER_NONNULL = YES;
				CLANG_ANALYZER_NUMBER_OBJECT_CONVERSION = YES_AGGRESSIVE;
				CLANG_CXX_LANGUAGE_STANDARD = "gnu++17";
				CLANG_CXX_LIBRARY = "libc++";
				CLANG_ENABLE_MODULES = YES;
				CLANG_ENABLE_OBJC_ARC = YES;
				CLANG_ENABLE_OBJC_WEAK = YES;
				CLANG_WARN_BLOCK_CAPTURE_AUTORELEASING = YES;
				CLANG_WARN_BOOL_CONVERSION = YES;
				CLANG_WARN_COMMA = YES;
				CLANG_WARN_CONSTANT_CONVERSION = YES;
				CLANG_WARN_DEPRECATED_OBJC_IMPLEMENTATIONS = YES;
				CLANG_WARN_DIRECT_OBJC_ISA_USAGE = YES_ERROR;
				CLANG_WARN_DOCUMENTATION_COMMENTS = YES;
				CLANG_WARN_EMPTY_BODY = YES;
				CLANG_WARN_ENUM_CONVERSION = YES;
				CLANG_WARN_INFINITE_RECURSION = YES;
				CLANG_WARN_INT_CONVERSION = YES;
				CLANG_WARN_NON_LITERAL_NULL_CONVERSION = YES;
				CLANG_WARN_OBJC_IMPLICIT_RETAIN_SELF = YES;
				CLANG_WARN_OBJC_LITERAL_CONVERSION = YES;
				CLANG_WARN_OBJC_ROOT_CLASS = YES_ERROR;
				CLANG_WARN_QUOTED_INCLUDE_IN_FRAMEWORK_HEADER = YES;
				CLANG_WARN_RANGE_LOOP_ANALYSIS = YES;
				CLANG_WARN_STRICT_PROTOTYPES = YES;
				CLANG_WARN_SUSPICIOUS_MOVE = YES;
				CLANG_WARN_UNGUARDED_AVAILABILITY = YES_AGGRESSIVE;
				CLANG_WARN_UNREACHABLE_CODE = YES;
				CLANG_WARN__DUPLICATE_METHOD_MATCH = YES;
				COPY_PHASE_STRIP = NO;
				DEBUG_INFORMATION_FORMAT = "dwarf-with-dsym";
				ENABLE_NS_ASSERTIONS = NO;
				ENABLE_STRICT_OBJC_MSGSEND = YES;
				GCC_C_LANGUAGE_STANDARD = gnu11;
				GCC_NO_COMMON_BLOCKS = YES;
				GCC_WARN_64_TO_32_BIT_CONVERSION = YES;
				GCC_WARN_ABOUT_RETURN_TYPE = YES_ERROR;
				GCC_WARN_UNDECLARED_SELECTOR = YES;
				GCC_WARN_UNINITIALIZED_AUTOS = YES_AGGRESSIVE;
				GCC_WARN_UNUSED_FUNCTION = YES;
				GCC_WARN_UNUSED_VARIABLE = YES;
				IPHONEOS_DEPLOYMENT_TARGET = 15.2;
				MTL_ENABLE_DEBUG_INFO = NO;
				MTL_FAST_MATH = YES;
				SDKROOT = iphoneos;
				SWIFT_COMPILATION_MODE = wholemodule;
				SWIFT_OPTIMIZATION_LEVEL = "-O";
				VALIDATE_PRODUCT = YES;
			};
			name = Release;
		};
		67457CDB28AC3EDC00144BCA /* Debug */ = {
			isa = XCBuildConfiguration;
			buildSettings = {
				ASSETCATALOG_COMPILER_APPICON_NAME = AppIcon;
				ASSETCATALOG_COMPILER_GLOBAL_ACCENT_COLOR_NAME = AccentColor;
				CODE_SIGN_STYLE = Automatic;
				CURRENT_PROJECT_VERSION = 1;
				DEVELOPMENT_TEAM = RD3BV5S34P;
				GENERATE_INFOPLIST_FILE = YES;
				INFOPLIST_FILE = TMS_DZ6/Info.plist;
				INFOPLIST_KEY_UIApplicationSupportsIndirectInputEvents = YES;
				INFOPLIST_KEY_UILaunchStoryboardName = LaunchScreen;
				INFOPLIST_KEY_UIMainStoryboardFile = Main;
				INFOPLIST_KEY_UISupportedInterfaceOrientations_iPad = "UIInterfaceOrientationPortrait UIInterfaceOrientationPortraitUpsideDown UIInterfaceOrientationLandscapeLeft UIInterfaceOrientationLandscapeRight";
				INFOPLIST_KEY_UISupportedInterfaceOrientations_iPhone = "UIInterfaceOrientationPortrait UIInterfaceOrientationLandscapeLeft UIInterfaceOrientationLandscapeRight";
				LD_RUNPATH_SEARCH_PATHS = (
					"$(inherited)",
					"@executable_path/Frameworks",
				);
				MARKETING_VERSION = 1.0;
				PRODUCT_BUNDLE_IDENTIFIER = "Dylan-Sanders.TMS-DZ6";
				PRODUCT_NAME = "$(TARGET_NAME)";
				SWIFT_EMIT_LOC_STRINGS = YES;
				SWIFT_VERSION = 5.0;
				TARGETED_DEVICE_FAMILY = "1,2";
			};
			name = Debug;
		};
		67457CDC28AC3EDC00144BCA /* Release */ = {
			isa = XCBuildConfiguration;
			buildSettings = {
				ASSETCATALOG_COMPILER_APPICON_NAME = AppIcon;
				ASSETCATALOG_COMPILER_GLOBAL_ACCENT_COLOR_NAME = AccentColor;
				CODE_SIGN_STYLE = Automatic;
				CURRENT_PROJECT_VERSION = 1;
				DEVELOPMENT_TEAM = RD3BV5S34P;
				GENERATE_INFOPLIST_FILE = YES;
				INFOPLIST_FILE = TMS_DZ6/Info.plist;
				INFOPLIST_KEY_UIApplicationSupportsIndirectInputEvents = YES;
				INFOPLIST_KEY_UILaunchStoryboardName = LaunchScreen;
				INFOPLIST_KEY_UIMainStoryboardFile = Main;
				INFOPLIST_KEY_UISupportedInterfaceOrientations_iPad = "UIInterfaceOrientationPortrait UIInterfaceOrientationPortraitUpsideDown UIInterfaceOrientationLandscapeLeft UIInterfaceOrientationLandscapeRight";
				INFOPLIST_KEY_UISupportedInterfaceOrientations_iPhone = "UIInterfaceOrientationPortrait UIInterfaceOrientationLandscapeLeft UIInterfaceOrientationLandscapeRight";
				LD_RUNPATH_SEARCH_PATHS = (
					"$(inherited)",
					"@executable_path/Frameworks",
				);
				MARKETING_VERSION = 1.0;
				PRODUCT_BUNDLE_IDENTIFIER = "Dylan-Sanders.TMS-DZ6";
				PRODUCT_NAME = "$(TARGET_NAME)";
				SWIFT_EMIT_LOC_STRINGS = YES;
				SWIFT_VERSION = 5.0;
				TARGETED_DEVICE_FAMILY = "1,2";
			};
			name = Release;
		};
/* End XCBuildConfiguration section */

/* Begin XCConfigurationList section */
		67457CC128AC3EDB00144BCA /* Build configuration list for PBXProject "TMS_DZ6" */ = {
			isa = XCConfigurationList;
			buildConfigurations = (
				67457CD828AC3EDC00144BCA /* Debug */,
				67457CD928AC3EDC00144BCA /* Release */,
			);
			defaultConfigurationIsVisible = 0;
			defaultConfigurationName = Release;
		};
		67457CDA28AC3EDC00144BCA /* Build configuration list for PBXNativeTarget "TMS_DZ6" */ = {
			isa = XCConfigurationList;
			buildConfigurations = (
				67457CDB28AC3EDC00144BCA /* Debug */,
				67457CDC28AC3EDC00144BCA /* Release */,
			);
			defaultConfigurationIsVisible = 0;
			defaultConfigurationName = Release;
		};
/* End XCConfigurationList section */
	};
	rootObject = 67457CBE28AC3EDB00144BCA /* Project object */;
}
